
Microsoft Visual Studio Solution File, Format Version 12.00
# Visual Studio Version 16
VisualStudioVersion = 16.0.28803.916
MinimumVisualStudioVersion = 10.0.40219.1
Project("{9A19103F-16F7-4668-BE54-9A1E7A4F7556}") = "WebApplication1", "WebApplication1.csproj", "{038CCF94-B272-4C34-A880-E4706737617A}"
EndProject
Global
	GlobalSection(SolutionConfigurationPlatforms) = preSolution
		Debug|Any CPU = Debug|Any CPU
		Release|Any CPU = Release|Any CPU
	EndGlobalSection
	GlobalSection(ProjectConfigurationPlatforms) = postSolution
		{038CCF94-B272-4C34-A880-E4706737617A}.Debug|Any CPU.ActiveCfg = Debug|Any CPU
		{038CCF94-B272-4C34-A880-E4706737617A}.Debug|Any CPU.Build.0 = Debug|Any CPU
		{038CCF94-B272-4C34-A880-E4706737617A}.Release|Any CPU.ActiveCfg = Release|Any CPU
		{038CCF94-B272-4C34-A880-E4706737617A}.Release|Any CPU.Build.0 = Release|Any CPU
	EndGlobalSection
	GlobalSection(SolutionProperties) = preSolution
		HideSolutionNode = FALSE
	EndGlobalSection
	GlobalSection(ExtensibilityGlobals) = postSolution
		SolutionGuid = {157C9E25-64A4-4247-AACF-58421A38C227}
	EndGlobalSection
EndGlobal
